
Microsoft Visual Studio Solution File, Format Version 12.00
# Visual Studio Version 17
VisualStudioVersion = 17.10.35013.160
MinimumVisualStudioVersion = 10.0.40219.1
Project("{FAE04EC0-301F-11D3-BF4B-00C04F79EFBC}") = "School_Management_System", "School_Management_System.csproj", "{679FBF75-12ED-4339-A807-9E750825A93C}"
EndProject
Global
	GlobalSection(SolutionConfigurationPlatforms) = preSolution
		Debug|Any CPU = Debug|Any CPU
		Release|Any CPU = Release|Any CPU
	EndGlobalSection
	GlobalSection(ProjectConfigurationPlatforms) = postSolution
		{679FBF75-12ED-4339-A807-9E750825A93C}.Debug|Any CPU.ActiveCfg = Debug|Any CPU
		{679FBF75-12ED-4339-A807-9E750825A93C}.Debug|Any CPU.Build.0 = Debug|Any CPU
		{679FBF75-12ED-4339-A807-9E750825A93C}.Release|Any CPU.ActiveCfg = Release|Any CPU
		{679FBF75-12ED-4339-A807-9E750825A93C}.Release|Any CPU.Build.0 = Release|Any CPU
	EndGlobalSection
	GlobalSection(SolutionProperties) = preSolution
		HideSolutionNode = FALSE
	EndGlobalSection
	GlobalSection(ExtensibilityGlobals) = postSolution
		SolutionGuid = {633E5F69-1CD6-4D78-B34C-3CCE5F5EADF9}
	EndGlobalSection
EndGlobal
